# This file was autogenerated by Stack.
# You should not edit this file by hand.
# For more information, please see the documentation at:
#   https://docs.haskellstack.org/en/stable/lock_files

snapshots:
- original:
    url: https://raw.githubusercontent.com/commercialhaskell/stackage-snapshots/master/lts/18/21.yaml
  completed:
    sha256: ce4fb8d44f3c6c6032060a02e0ebb1bd29937c9a70101c1517b92a87d9515160
    url: https://raw.githubusercontent.com/commercialhaskell/stackage-snapshots/master/lts/18/21.yaml
    size: 586110
packages:
- original:
    hackage: compact-0.2.0.0@sha256:75ef98cb51201b4a0d6de95cbbb62be6237c092a3d594737346c70c5d56c2380,2413
  completed:
    pantry-tree:
      sha256: 9514e48c9141b29a5f58b27c2950f17cc1c53eea3d393a6a1ed46ca16e876754
      size: 546
    hackage: compact-0.2.0.0@sha256:75ef98cb51201b4a0d6de95cbbb62be6237c092a3d594737346c70c5d56c2380,2413
- original:
    hackage: constraints-0.12@sha256:7edf1e72a92d0a6761da634f08be9123dfcc0dcec11c269cbf465a09721c3481,2322
  completed:
    pantry-tree:
      sha256: c3422b7121927dd912d2b2b40d12f8addd991b83933d9f1415dfac883ada0c46
      size: 867
    hackage: constraints-0.12@sha256:7edf1e72a92d0a6761da634f08be9123dfcc0dcec11c269cbf465a09721c3481,2322
- original:
    hackage: polysemy-zoo-0.7.0.2@sha256:64857606e456c4df033a79e41cef49059b23c98046b76aeadf990b08379dd6e9,3990
  completed:
    pantry-tree:
      sha256: 61f759384ff7e6f22078e656a895f4947cb159a428606f8d9120d0b4f2bb8b1d
      size: 2979
    hackage: polysemy-zoo-0.7.0.2@sha256:64857606e456c4df033a79e41cef49059b23c98046b76aeadf990b08379dd6e9,3990
